
Microsoft Visual Studio Solution File, Format Version 12.00
# Visual Studio 15
VisualStudioVersion = 15.0.28307.329
MinimumVisualStudioVersion = 10.0.40219.1
Project("{D954291E-2A0B-460D-934E-DC6B0785DB48}") = "SharedProject1", "SharedProject1\SharedProject1.shproj", "{142D1CEF-3233-422E-8484-B4E867D65564}"
EndProject
Global
	GlobalSection(SharedMSBuildProjectFiles) = preSolution
		SharedProject1\SharedProject1.projitems*{142d1cef-3233-422e-8484-b4e867d65564}*SharedItemsImports = 13
	EndGlobalSection
	GlobalSection(SolutionProperties) = preSolution
		HideSolutionNode = FALSE
	EndGlobalSection
	GlobalSection(ExtensibilityGlobals) = postSolution
		SolutionGuid = {3505443F-9858-4B0E-86CC-EB600BEDDC9F}
	EndGlobalSection
EndGlobal
